{
  "nodes": {
    "brew-src": {
      "flake": false,
      "locked": {
        "lastModified": 1748148946,
        "narHash": "sha256-srnyYAqGD27NeBDaEU3hchJdkeOQ2vRe3kWurihFYT8=",
        "owner": "Homebrew",
        "repo": "brew",
        "rev": "dc0f9d50fd170492a33fd7234d06de1b94df363c",
        "type": "github"
      },
      "original": {
        "owner": "Homebrew",
        "ref": "4.5.3",
        "repo": "brew",
        "type": "github"
      }
    },
    "home-manager": {
      "inputs": {
        "nixpkgs": [
          "nixpkgs"
        ]
      },
      "locked": {
        "lastModified": 1748830238,
        "narHash": "sha256-EB+LzYHK0D5aqxZiYoPeoZoOzSAs8eqBDxm3R+6wMKU=",
        "owner": "nix-community",
        "repo": "home-manager",
        "rev": "c7fdb7e90bff1a51b79c1eed458fb39e6649a82a",
        "type": "github"
      },
      "original": {
        "owner": "nix-community",
        "repo": "home-manager",
        "type": "github"
      }
    },
    "homebrew-bundle": {
      "flake": false,
      "locked": {
        "lastModified": 1745335228,
        "narHash": "sha256-TIKR2UgtyUmHLNZp255/vLs+1I10hXe+sciMEbAGFwE=",
        "owner": "homebrew",
        "repo": "homebrew-bundle",
        "rev": "a3265c84b232e13048ecbf6fc18a2eedfadbeb08",
        "type": "github"
      },
      "original": {
        "owner": "homebrew",
        "repo": "homebrew-bundle",
        "type": "github"
      }
    },
    "homebrew-cask": {
      "flake": false,
      "locked": {
        "lastModified": 1748848223,
        "narHash": "sha256-t/yDSAze8nX853V95DsBkNJUQv45cYi5jY8z5W/pcPg=",
        "owner": "homebrew",
        "repo": "homebrew-cask",
        "rev": "70dfca163d2648755cdc889c1b7eb7f498f2c38e",
        "type": "github"
      },
      "original": {
        "owner": "homebrew",
        "repo": "homebrew-cask",
        "type": "github"
      }
    },
    "homebrew-core": {
      "flake": false,
      "locked": {
        "lastModified": 1748849997,
        "narHash": "sha256-roxK8aBgDUTr41F1hwPTAQDYCo8FI4bHOIgU1+t+LCs=",
        "owner": "homebrew",
        "repo": "homebrew-core",
        "rev": "11ddb21cd5854a6d5c1fddabbd7485ea7b2b6fc6",
        "type": "github"
      },
      "original": {
        "owner": "homebrew",
        "repo": "homebrew-core",
        "type": "github"
      }
    },
    "homebrew-tabby": {
      "flake": false,
      "locked": {
        "lastModified": 1747882690,
        "narHash": "sha256-eg8V6QzTGsnpWoUV9lA7H/ugkQS/tuHNDb3klJwW0Ko=",
        "owner": "tabbyml",
        "repo": "homebrew-tabby",
        "rev": "a88e11bfba3cf2b12dd9f2c6c636728c97770f7f",
        "type": "github"
      },
      "original": {
        "owner": "tabbyml",
        "repo": "homebrew-tabby",
        "type": "github"
      }
    },
    "nix-darwin": {
      "inputs": {
        "nixpkgs": [
          "nixpkgs"
        ]
      },
      "locked": {
        "lastModified": 1748352827,
        "narHash": "sha256-sNUUP6qxGkK9hXgJ+p362dtWLgnIWwOCmiq72LAWtYo=",
        "owner": "lnl7",
        "repo": "nix-darwin",
        "rev": "44a7d0e687a87b73facfe94fba78d323a6686a90",
        "type": "github"
      },
      "original": {
        "owner": "lnl7",
        "ref": "master",
        "repo": "nix-darwin",
        "type": "github"
      }
    },
    "nix-homebrew": {
      "inputs": {
        "brew-src": "brew-src"
      },
      "locked": {
        "lastModified": 1748379893,
        "narHash": "sha256-7zvNSdEA4KhKA3vosAU3QdzGgSBKxTR2iUEredA8tLc=",
        "owner": "zhaofengli-wip",
        "repo": "nix-homebrew",
        "rev": "77517445732b9ae0b413e4580b1c8e88f804da1c",
        "type": "github"
      },
      "original": {
        "owner": "zhaofengli-wip",
        "repo": "nix-homebrew",
        "type": "github"
      }
    },
    "nixos-hardware": {
      "locked": {
        "lastModified": 1748634340,
        "narHash": "sha256-pZH4bqbOd8S+si6UcfjHovWDiWKiIGRNRMpmRWaDIms=",
        "owner": "NixOS",
        "repo": "nixos-hardware",
        "rev": "daa628a725ab4948e0e2b795e8fb6f4c3e289a7a",
        "type": "github"
      },
      "original": {
        "owner": "NixOS",
        "ref": "master",
        "repo": "nixos-hardware",
        "type": "github"
      }
    },
    "nixpkgs": {
      "locked": {
        "lastModified": 1748693115,
        "narHash": "sha256-StSrWhklmDuXT93yc3GrTlb0cKSS0agTAxMGjLKAsY8=",
        "owner": "nixos",
        "repo": "nixpkgs",
        "rev": "910796cabe436259a29a72e8d3f5e180fc6dfacc",
        "type": "github"
      },
      "original": {
        "owner": "nixos",
        "ref": "nixos-unstable",
        "repo": "nixpkgs",
        "type": "github"
      }
    },
    "root": {
      "inputs": {
        "home-manager": "home-manager",
        "homebrew-bundle": "homebrew-bundle",
        "homebrew-cask": "homebrew-cask",
        "homebrew-core": "homebrew-core",
        "homebrew-tabby": "homebrew-tabby",
        "nix-darwin": "nix-darwin",
        "nix-homebrew": "nix-homebrew",
        "nixos-hardware": "nixos-hardware",
        "nixpkgs": "nixpkgs"
      }
    }
  },
  "root": "root",
  "version": 7
}
